
Microsoft Visual Studio Solution File, Format Version 12.00
# Visual Studio Version 16
VisualStudioVersion = 16.0.31205.134
MinimumVisualStudioVersion = 10.0.40219.1
Project("{FAE04EC0-301F-11D3-BF4B-00C04F79EFBC}") = "idpa", "idpa.csproj", "{DD918E50-5C4D-4D7E-8CAA-6E6C88ECF3A4}"
EndProject
Global
	GlobalSection(SolutionConfigurationPlatforms) = preSolution
		Debug|Any CPU = Debug|Any CPU
		Release|Any CPU = Release|Any CPU
	EndGlobalSection
	GlobalSection(ProjectConfigurationPlatforms) = postSolution
		{DD918E50-5C4D-4D7E-8CAA-6E6C88ECF3A4}.Debug|Any CPU.ActiveCfg = Debug|Any CPU
		{DD918E50-5C4D-4D7E-8CAA-6E6C88ECF3A4}.Debug|Any CPU.Build.0 = Debug|Any CPU
		{DD918E50-5C4D-4D7E-8CAA-6E6C88ECF3A4}.Release|Any CPU.ActiveCfg = Release|Any CPU
		{DD918E50-5C4D-4D7E-8CAA-6E6C88ECF3A4}.Release|Any CPU.Build.0 = Release|Any CPU
	EndGlobalSection
	GlobalSection(SolutionProperties) = preSolution
		HideSolutionNode = FALSE
	EndGlobalSection
	GlobalSection(ExtensibilityGlobals) = postSolution
		SolutionGuid = {A8E0F905-B329-41BD-B663-799FA2D97DC6}
	EndGlobalSection
EndGlobal
